
Microsoft Visual Studio Solution File, Format Version 12.00
# Visual Studio Version 16
VisualStudioVersion = 16.0.31129.286
MinimumVisualStudioVersion = 10.0.40219.1
Project("{FAE04EC0-301F-11D3-BF4B-00C04F79EFBC}") = "GymApp", "GymApp\GymApp.csproj", "{EA3F6DA2-8288-4FFF-A3BC-F1D2D01616B4}"
EndProject
Project("{FAE04EC0-301F-11D3-BF4B-00C04F79EFBC}") = "GymApp.Test", "GymApp.Test\GymApp.Test.csproj", "{37631513-685F-45CD-BA8E-65433BF349D7}"
EndProject
Global
	GlobalSection(SolutionConfigurationPlatforms) = preSolution
		Debug|Any CPU = Debug|Any CPU
		Release|Any CPU = Release|Any CPU
	EndGlobalSection
	GlobalSection(ProjectConfigurationPlatforms) = postSolution
		{EA3F6DA2-8288-4FFF-A3BC-F1D2D01616B4}.Debug|Any CPU.ActiveCfg = Debug|Any CPU
		{EA3F6DA2-8288-4FFF-A3BC-F1D2D01616B4}.Debug|Any CPU.Build.0 = Debug|Any CPU
		{EA3F6DA2-8288-4FFF-A3BC-F1D2D01616B4}.Release|Any CPU.ActiveCfg = Release|Any CPU
		{EA3F6DA2-8288-4FFF-A3BC-F1D2D01616B4}.Release|Any CPU.Build.0 = Release|Any CPU
		{37631513-685F-45CD-BA8E-65433BF349D7}.Debug|Any CPU.ActiveCfg = Debug|Any CPU
		{37631513-685F-45CD-BA8E-65433BF349D7}.Debug|Any CPU.Build.0 = Debug|Any CPU
		{37631513-685F-45CD-BA8E-65433BF349D7}.Release|Any CPU.ActiveCfg = Release|Any CPU
		{37631513-685F-45CD-BA8E-65433BF349D7}.Release|Any CPU.Build.0 = Release|Any CPU
	EndGlobalSection
	GlobalSection(SolutionProperties) = preSolution
		HideSolutionNode = FALSE
	EndGlobalSection
	GlobalSection(ExtensibilityGlobals) = postSolution
		SolutionGuid = {5206B979-E625-4F6D-A590-D3C506D1D2C7}
	EndGlobalSection
EndGlobal
